
Microsoft Visual Studio Solution File, Format Version 11.00
# Visual Studio 2010
Project("{FAE04EC0-301F-11D3-BF4B-00C04F79EFBC}") = "FiqueRico.BL", "FiqueRico.BL\FiqueRico.BL.csproj", "{5CC5787D-9FB9-4612-A975-72FB1DB231CA}"
EndProject
Project("{FAE04EC0-301F-11D3-BF4B-00C04F79EFBC}") = "FiqueRico.Test", "FiqueRico.Test\FiqueRico.Test.csproj", "{ED5FD185-E705-4D0D-9C6D-57A93D105907}"
EndProject
Project("{FAE04EC0-301F-11D3-BF4B-00C04F79EFBC}") = "FiqueRico.Web", "FiqueRico.Web\FiqueRico.Web.csproj", "{A9E2DAC6-10EA-4E3C-891A-6530F6F1FD30}"
EndProject
Project("{FAE04EC0-301F-11D3-BF4B-00C04F79EFBC}") = "ContentTypeHttpModule", "ContentTypeHttpModule\ContentTypeHttpModule.csproj", "{0C40E6A2-62FF-4CA1-98A8-83241F410C6A}"
EndProject
Project("{FAE04EC0-301F-11D3-BF4B-00C04F79EFBC}") = "Fiquerico.DAL", "Fiquerico.DAL\Fiquerico.DAL.csproj", "{C2584BED-053E-41BD-8027-8B325CD678D2}"
EndProject
Project("{FAE04EC0-301F-11D3-BF4B-00C04F79EFBC}") = "Fiquerico.MVC", "Fiquerico.MVC\Fiquerico.MVC.csproj", "{3D5B1465-150E-4427-92F6-088D335BF5F9}"
EndProject
Global
	GlobalSection(SolutionConfigurationPlatforms) = preSolution
		Debug|Any CPU = Debug|Any CPU
		Debug|Mixed Platforms = Debug|Mixed Platforms
		Debug|x86 = Debug|x86
		Release|Any CPU = Release|Any CPU
		Release|Mixed Platforms = Release|Mixed Platforms
		Release|x86 = Release|x86
	EndGlobalSection
	GlobalSection(ProjectConfigurationPlatforms) = postSolution
		{5CC5787D-9FB9-4612-A975-72FB1DB231CA}.Debug|Any CPU.ActiveCfg = Debug|Any CPU
		{5CC5787D-9FB9-4612-A975-72FB1DB231CA}.Debug|Any CPU.Build.0 = Debug|Any CPU
		{5CC5787D-9FB9-4612-A975-72FB1DB231CA}.Debug|Mixed Platforms.ActiveCfg = Debug|Any CPU
		{5CC5787D-9FB9-4612-A975-72FB1DB231CA}.Debug|Mixed Platforms.Build.0 = Debug|Any CPU
		{5CC5787D-9FB9-4612-A975-72FB1DB231CA}.Debug|x86.ActiveCfg = Debug|Any CPU
		{5CC5787D-9FB9-4612-A975-72FB1DB231CA}.Release|Any CPU.ActiveCfg = Release|Any CPU
		{5CC5787D-9FB9-4612-A975-72FB1DB231CA}.Release|Any CPU.Build.0 = Release|Any CPU
		{5CC5787D-9FB9-4612-A975-72FB1DB231CA}.Release|Mixed Platforms.ActiveCfg = Release|Any CPU
		{5CC5787D-9FB9-4612-A975-72FB1DB231CA}.Release|Mixed Platforms.Build.0 = Release|Any CPU
		{5CC5787D-9FB9-4612-A975-72FB1DB231CA}.Release|x86.ActiveCfg = Release|Any CPU
		{ED5FD185-E705-4D0D-9C6D-57A93D105907}.Debug|Any CPU.ActiveCfg = Debug|Any CPU
		{ED5FD185-E705-4D0D-9C6D-57A93D105907}.Debug|Any CPU.Build.0 = Debug|Any CPU
		{ED5FD185-E705-4D0D-9C6D-57A93D105907}.Debug|Mixed Platforms.ActiveCfg = Debug|Any CPU
		{ED5FD185-E705-4D0D-9C6D-57A93D105907}.Debug|Mixed Platforms.Build.0 = Debug|Any CPU
		{ED5FD185-E705-4D0D-9C6D-57A93D105907}.Debug|x86.ActiveCfg = Debug|Any CPU
		{ED5FD185-E705-4D0D-9C6D-57A93D105907}.Release|Any CPU.ActiveCfg = Release|Any CPU
		{ED5FD185-E705-4D0D-9C6D-57A93D105907}.Release|Any CPU.Build.0 = Release|Any CPU
		{ED5FD185-E705-4D0D-9C6D-57A93D105907}.Release|Mixed Platforms.ActiveCfg = Release|Any CPU
		{ED5FD185-E705-4D0D-9C6D-57A93D105907}.Release|Mixed Platforms.Build.0 = Release|Any CPU
		{ED5FD185-E705-4D0D-9C6D-57A93D105907}.Release|x86.ActiveCfg = Release|Any CPU
		{A9E2DAC6-10EA-4E3C-891A-6530F6F1FD30}.Debug|Any CPU.ActiveCfg = Debug|Any CPU
		{A9E2DAC6-10EA-4E3C-891A-6530F6F1FD30}.Debug|Any CPU.Build.0 = Debug|Any CPU
		{A9E2DAC6-10EA-4E3C-891A-6530F6F1FD30}.Debug|Mixed Platforms.ActiveCfg = Debug|Any CPU
		{A9E2DAC6-10EA-4E3C-891A-6530F6F1FD30}.Debug|Mixed Platforms.Build.0 = Debug|Any CPU
		{A9E2DAC6-10EA-4E3C-891A-6530F6F1FD30}.Debug|x86.ActiveCfg = Debug|Any CPU
		{A9E2DAC6-10EA-4E3C-891A-6530F6F1FD30}.Release|Any CPU.ActiveCfg = Release|Any CPU
		{A9E2DAC6-10EA-4E3C-891A-6530F6F1FD30}.Release|Any CPU.Build.0 = Release|Any CPU
		{A9E2DAC6-10EA-4E3C-891A-6530F6F1FD30}.Release|Mixed Platforms.ActiveCfg = Release|Any CPU
		{A9E2DAC6-10EA-4E3C-891A-6530F6F1FD30}.Release|Mixed Platforms.Build.0 = Release|Any CPU
		{A9E2DAC6-10EA-4E3C-891A-6530F6F1FD30}.Release|x86.ActiveCfg = Release|Any CPU
		{0C40E6A2-62FF-4CA1-98A8-83241F410C6A}.Debug|Any CPU.ActiveCfg = Debug|Any CPU
		{0C40E6A2-62FF-4CA1-98A8-83241F410C6A}.Debug|Any CPU.Build.0 = Debug|Any CPU
		{0C40E6A2-62FF-4CA1-98A8-83241F410C6A}.Debug|Mixed Platforms.ActiveCfg = Debug|Any CPU
		{0C40E6A2-62FF-4CA1-98A8-83241F410C6A}.Debug|Mixed Platforms.Build.0 = Debug|Any CPU
		{0C40E6A2-62FF-4CA1-98A8-83241F410C6A}.Debug|x86.ActiveCfg = Debug|Any CPU
		{0C40E6A2-62FF-4CA1-98A8-83241F410C6A}.Release|Any CPU.ActiveCfg = Release|Any CPU
		{0C40E6A2-62FF-4CA1-98A8-83241F410C6A}.Release|Any CPU.Build.0 = Release|Any CPU
		{0C40E6A2-62FF-4CA1-98A8-83241F410C6A}.Release|Mixed Platforms.ActiveCfg = Release|Any CPU
		{0C40E6A2-62FF-4CA1-98A8-83241F410C6A}.Release|Mixed Platforms.Build.0 = Release|Any CPU
		{0C40E6A2-62FF-4CA1-98A8-83241F410C6A}.Release|x86.ActiveCfg = Release|Any CPU
		{C2584BED-053E-41BD-8027-8B325CD678D2}.Debug|Any CPU.ActiveCfg = Debug|Any CPU
		{C2584BED-053E-41BD-8027-8B325CD678D2}.Debug|Any CPU.Build.0 = Debug|Any CPU
		{C2584BED-053E-41BD-8027-8B325CD678D2}.Debug|Mixed Platforms.ActiveCfg = Debug|Any CPU
		{C2584BED-053E-41BD-8027-8B325CD678D2}.Debug|Mixed Platforms.Build.0 = Debug|Any CPU
		{C2584BED-053E-41BD-8027-8B325CD678D2}.Debug|x86.ActiveCfg = Debug|Any CPU
		{C2584BED-053E-41BD-8027-8B325CD678D2}.Release|Any CPU.ActiveCfg = Release|Any CPU
		{C2584BED-053E-41BD-8027-8B325CD678D2}.Release|Any CPU.Build.0 = Release|Any CPU
		{C2584BED-053E-41BD-8027-8B325CD678D2}.Release|Mixed Platforms.ActiveCfg = Release|Any CPU
		{C2584BED-053E-41BD-8027-8B325CD678D2}.Release|Mixed Platforms.Build.0 = Release|Any CPU
		{C2584BED-053E-41BD-8027-8B325CD678D2}.Release|x86.ActiveCfg = Release|Any CPU
		{3D5B1465-150E-4427-92F6-088D335BF5F9}.Debug|Any CPU.ActiveCfg = Debug|Any CPU
		{3D5B1465-150E-4427-92F6-088D335BF5F9}.Debug|Any CPU.Build.0 = Debug|Any CPU
		{3D5B1465-150E-4427-92F6-088D335BF5F9}.Debug|Mixed Platforms.ActiveCfg = Debug|Any CPU
		{3D5B1465-150E-4427-92F6-088D335BF5F9}.Debug|Mixed Platforms.Build.0 = Debug|Any CPU
		{3D5B1465-150E-4427-92F6-088D335BF5F9}.Debug|x86.ActiveCfg = Debug|Any CPU
		{3D5B1465-150E-4427-92F6-088D335BF5F9}.Release|Any CPU.ActiveCfg = Release|Any CPU
		{3D5B1465-150E-4427-92F6-088D335BF5F9}.Release|Any CPU.Build.0 = Release|Any CPU
		{3D5B1465-150E-4427-92F6-088D335BF5F9}.Release|Mixed Platforms.ActiveCfg = Release|Any CPU
		{3D5B1465-150E-4427-92F6-088D335BF5F9}.Release|Mixed Platforms.Build.0 = Release|Any CPU
		{3D5B1465-150E-4427-92F6-088D335BF5F9}.Release|x86.ActiveCfg = Release|Any CPU
	EndGlobalSection
	GlobalSection(SolutionProperties) = preSolution
		HideSolutionNode = FALSE
	EndGlobalSection
EndGlobal
